
Microsoft Visual Studio Solution File, Format Version 12.00
# Visual Studio Version 16
VisualStudioVersion = 16.0.29418.71
MinimumVisualStudioVersion = 10.0.40219.1
Project("{9A19103F-16F7-4668-BE54-9A1E7A4F7556}") = "Softcomputing-expert-system", "Softcomputing-expert-system\Softcomputing-expert-system.csproj", "{AE6008DE-C077-4CA3-8FC3-8AB81BAD8566}"
EndProject
Global
	GlobalSection(SolutionConfigurationPlatforms) = preSolution
		Debug|Any CPU = Debug|Any CPU
		Release|Any CPU = Release|Any CPU
	EndGlobalSection
	GlobalSection(ProjectConfigurationPlatforms) = postSolution
		{AE6008DE-C077-4CA3-8FC3-8AB81BAD8566}.Debug|Any CPU.ActiveCfg = Debug|Any CPU
		{AE6008DE-C077-4CA3-8FC3-8AB81BAD8566}.Debug|Any CPU.Build.0 = Debug|Any CPU
		{AE6008DE-C077-4CA3-8FC3-8AB81BAD8566}.Release|Any CPU.ActiveCfg = Release|Any CPU
		{AE6008DE-C077-4CA3-8FC3-8AB81BAD8566}.Release|Any CPU.Build.0 = Release|Any CPU
	EndGlobalSection
	GlobalSection(SolutionProperties) = preSolution
		HideSolutionNode = FALSE
	EndGlobalSection
	GlobalSection(ExtensibilityGlobals) = postSolution
		SolutionGuid = {0D51361B-70CD-4FD4-887C-ADE0CA9D573A}
	EndGlobalSection
EndGlobal
